// !$*UTF8*$!
{
	archiveVersion = 1;
	classes = {
	};
	objectVersion = 50;
	objects = {

/* Begin PBXBuildFile section */
		422A562120915FF000AAA038 /* main.m in Sources */ = {isa = PBXBuildFile; fileRef = 422A562020915FF000AAA038 /* main.m */; };
		422A562920916B6E00AAA038 /* TokenReader.m in Sources */ = {isa = PBXBuildFile; fileRef = 422A562820916B6E00AAA038 /* TokenReader.m */; };
		422A562F2091F72900AAA038 /* JsonReader.m in Sources */ = {isa = PBXBuildFile; fileRef = 422A562E2091F72900AAA038 /* JsonReader.m */; };
		422A563720940D9400AAA038 /* JsonTesting.m in Sources */ = {isa = PBXBuildFile; fileRef = 422A563620940D9400AAA038 /* JsonTesting.m */; };
		422A563D209415A300AAA038 /* Other.m in Sources */ = {isa = PBXBuildFile; fileRef = 422A563C209415A300AAA038 /* Other.m */; };
/* End PBXBuildFile section */

/* Begin PBXCopyFilesBuildPhase section */
		422A561B20915FF000AAA038 /* CopyFiles */ = {
			isa = PBXCopyFilesBuildPhase;
			buildActionMask = 2147483647;
			dstPath = /usr/share/man/man1/;
			dstSubfolderSpec = 0;
			files = (
			);
			runOnlyForDeploymentPostprocessing = 1;
		};
/* End PBXCopyFilesBuildPhase section */

/* Begin PBXFileReference section */
		422A561D20915FF000AAA038 /* JsonParse */ = {isa = PBXFileReference; explicitFileType = "compiled.mach-o.executable"; includeInIndex = 0; path = JsonParse; sourceTree = BUILT_PRODUCTS_DIR; };
		422A562020915FF000AAA038 /* main.m */ = {isa = PBXFileReference; lastKnownFileType = sourcecode.c.objc; path = main.m; sourceTree = "<group>"; };
		422A562720916B6E00AAA038 /* TokenReader.h */ = {isa = PBXFileReference; lastKnownFileType = sourcecode.c.h; path = TokenReader.h; sourceTree = "<group>"; };
		422A562820916B6E00AAA038 /* TokenReader.m */ = {isa = PBXFileReference; lastKnownFileType = sourcecode.c.objc; path = TokenReader.m; sourceTree = "<group>"; };
		422A562D2091F72900AAA038 /* JsonReader.h */ = {isa = PBXFileReference; lastKnownFileType = sourcecode.c.h; path = JsonReader.h; sourceTree = "<group>"; };
		422A562E2091F72900AAA038 /* JsonReader.m */ = {isa = PBXFileReference; lastKnownFileType = sourcecode.c.objc; path = JsonReader.m; sourceTree = "<group>"; };
		422A563420940D9400AAA038 /* JsonTesting.xctest */ = {isa = PBXFileReference; explicitFileType = wrapper.cfbundle; includeInIndex = 0; path = JsonTesting.xctest; sourceTree = BUILT_PRODUCTS_DIR; };
		422A563620940D9400AAA038 /* JsonTesting.m */ = {isa = PBXFileReference; lastKnownFileType = sourcecode.c.objc; path = JsonTesting.m; sourceTree = "<group>"; };
		422A563820940D9400AAA038 /* Info.plist */ = {isa = PBXFileReference; lastKnownFileType = text.plist.xml; path = Info.plist; sourceTree = "<group>"; };
		422A563C209415A300AAA038 /* Other.m */ = {isa = PBXFileReference; lastKnownFileType = sourcecode.c.objc; path = Other.m; sourceTree = "<group>"; };
		422A563E209415D200AAA038 /* data */ = {isa = PBXFileReference; lastKnownFileType = folder; path = data; sourceTree = "<group>"; };
/* End PBXFileReference section */

/* Begin PBXFrameworksBuildPhase section */
		422A561A20915FF000AAA038 /* Frameworks */ = {
			isa = PBXFrameworksBuildPhase;
			buildActionMask = 2147483647;
			files = (
			);
			runOnlyForDeploymentPostprocessing = 0;
		};
		422A563120940D9400AAA038 /* Frameworks */ = {
			isa = PBXFrameworksBuildPhase;
			buildActionMask = 2147483647;
			files = (
			);
			runOnlyForDeploymentPostprocessing = 0;
		};
/* End PBXFrameworksBuildPhase section */

/* Begin PBXGroup section */
		422A561420915FF000AAA038 = {
			isa = PBXGroup;
			children = (
				422A561F20915FF000AAA038 /* JsonParse */,
				422A563520940D9400AAA038 /* JsonTesting */,
				422A561E20915FF000AAA038 /* Products */,
			);
			sourceTree = "<group>";
		};
		422A561E20915FF000AAA038 /* Products */ = {
			isa = PBXGroup;
			children = (
				422A561D20915FF000AAA038 /* JsonParse */,
				422A563420940D9400AAA038 /* JsonTesting.xctest */,
			);
			name = Products;
			sourceTree = "<group>";
		};
		422A561F20915FF000AAA038 /* JsonParse */ = {
			isa = PBXGroup;
			children = (
				422A562020915FF000AAA038 /* main.m */,
				422A562D2091F72900AAA038 /* JsonReader.h */,
				422A562E2091F72900AAA038 /* JsonReader.m */,
				422A562720916B6E00AAA038 /* TokenReader.h */,
				422A562820916B6E00AAA038 /* TokenReader.m */,
				422A563E209415D200AAA038 /* data */,
			);
			path = JsonParse;
			sourceTree = "<group>";
		};
		422A563520940D9400AAA038 /* JsonTesting */ = {
			isa = PBXGroup;
			children = (
				422A563620940D9400AAA038 /* JsonTesting.m */,
				422A563C209415A300AAA038 /* Other.m */,
				422A563820940D9400AAA038 /* Info.plist */,
			);
			path = JsonTesting;
			sourceTree = "<group>";
		};
/* End PBXGroup section */

/* Begin PBXNativeTarget section */
		422A561C20915FF000AAA038 /* JsonParse */ = {
			isa = PBXNativeTarget;
			buildConfigurationList = 422A562420915FF000AAA038 /* Build configuration list for PBXNativeTarget "JsonParse" */;
			buildPhases = (
				422A561920915FF000AAA038 /* Sources */,
				422A561A20915FF000AAA038 /* Frameworks */,
				422A561B20915FF000AAA038 /* CopyFiles */,
			);
			buildRules = (
			);
			dependencies = (
			);
			name = JsonParse;
			productName = JsonParse;
			productReference = 422A561D20915FF000AAA038 /* JsonParse */;
			productType = "com.apple.product-type.tool";
		};
		422A563320940D9400AAA038 /* JsonTesting */ = {
			isa = PBXNativeTarget;
			buildConfigurationList = 422A563B20940D9400AAA038 /* Build configuration list for PBXNativeTarget "JsonTesting" */;
			buildPhases = (
				422A563020940D9400AAA038 /* Sources */,
				422A563120940D9400AAA038 /* Frameworks */,
				422A563220940D9400AAA038 /* Resources */,
			);
			buildRules = (
			);
			dependencies = (
			);
			name = JsonTesting;
			productName = JsonTesting;
			productReference = 422A563420940D9400AAA038 /* JsonTesting.xctest */;
			productType = "com.apple.product-type.bundle.ui-testing";
		};
/* End PBXNativeTarget section */

/* Begin PBXProject section */
		422A561520915FF000AAA038 /* Project object */ = {
			isa = PBXProject;
			attributes = {
				LastUpgradeCheck = 0930;
				ORGANIZATIONNAME = cc;
				TargetAttributes = {
					422A561C20915FF000AAA038 = {
						CreatedOnToolsVersion = 9.3;
					};
					422A563320940D9400AAA038 = {
						CreatedOnToolsVersion = 9.3;
					};
				};
			};
			buildConfigurationList = 422A561820915FF000AAA038 /* Build configuration list for PBXProject "JsonParse" */;
			compatibilityVersion = "Xcode 9.3";
			developmentRegion = en;
			hasScannedForEncodings = 0;
			knownRegions = (
				en,
			);
			mainGroup = 422A561420915FF000AAA038;
			productRefGroup = 422A561E20915FF000AAA038 /* Products */;
			projectDirPath = "";
			projectRoot = "";
			targets = (
				422A561C20915FF000AAA038 /* JsonParse */,
				422A563320940D9400AAA038 /* JsonTesting */,
			);
		};
/* End PBXProject section */

/* Begin PBXResourcesBuildPhase section */
		422A563220940D9400AAA038 /* Resources */ = {
			isa = PBXResourcesBuildPhase;
			buildActionMask = 2147483647;
			files = (
			);
			runOnlyForDeploymentPostprocessing = 0;
		};
/* End PBXResourcesBuildPhase section */

/* Begin PBXSourcesBuildPhase section */
		422A561920915FF000AAA038 /* Sources */ = {
			isa = PBXSourcesBuildPhase;
			buildActionMask = 2147483647;
			files = (
				422A562920916B6E00AAA038 /* TokenReader.m in Sources */,
				422A562120915FF000AAA038 /* main.m in Sources */,
				422A562F2091F72900AAA038 /* JsonReader.m in Sources */,
			);
			runOnlyForDeploymentPostprocessing = 0;
		};
		422A563020940D9400AAA038 /* Sources */ = {
			isa = PBXSourcesBuildPhase;
			buildActionMask = 2147483647;
			files = (
				422A563D209415A300AAA038 /* Other.m in Sources */,
				422A563720940D9400AAA038 /* JsonTesting.m in Sources */,
			);
			runOnlyForDeploymentPostprocessing = 0;
		};
/* End PBXSourcesBuildPhase section */

/* Begin XCBuildConfiguration section */
		422A562220915FF000AAA038 /* Debug */ = {
			isa = XCBuildConfiguration;
			buildSettings = {
				ALWAYS_SEARCH_USER_PATHS = NO;
				CLANG_ANALYZER_NONNULL = YES;
				CLANG_ANALYZER_NUMBER_OBJECT_CONVERSION = YES_AGGRESSIVE;
				CLANG_CXX_LANGUAGE_STANDARD = "gnu++14";
				CLANG_CXX_LIBRARY = "libc++";
				CLANG_ENABLE_MODULES = YES;
				CLANG_ENABLE_OBJC_ARC = YES;
				CLANG_ENABLE_OBJC_WEAK = YES;
				CLANG_WARN_BLOCK_CAPTURE_AUTORELEASING = YES;
				CLANG_WARN_BOOL_CONVERSION = YES;
				CLANG_WARN_COMMA = YES;
				CLANG_WARN_CONSTANT_CONVERSION = YES;
				CLANG_WARN_DEPRECATED_OBJC_IMPLEMENTATIONS = YES;
				CLANG_WARN_DIRECT_OBJC_ISA_USAGE = YES_ERROR;
				CLANG_WARN_DOCUMENTATION_COMMENTS = YES;
				CLANG_WARN_EMPTY_BODY = YES;
				CLANG_WARN_ENUM_CONVERSION = YES;
				CLANG_WARN_INFINITE_RECURSION = YES;
				CLANG_WARN_INT_CONVERSION = YES;
				CLANG_WARN_NON_LITERAL_NULL_CONVERSION = YES;
				CLANG_WARN_OBJC_IMPLICIT_RETAIN_SELF = YES;
				CLANG_WARN_OBJC_LITERAL_CONVERSION = YES;
				CLANG_WARN_OBJC_ROOT_CLASS = YES_ERROR;
				CLANG_WARN_RANGE_LOOP_ANALYSIS = YES;
				CLANG_WARN_STRICT_PROTOTYPES = YES;
				CLANG_WARN_SUSPICIOUS_MOVE = YES;
				CLANG_WARN_UNGUARDED_AVAILABILITY = YES_AGGRESSIVE;
				CLANG_WARN_UNREACHABLE_CODE = YES;
				CLANG_WARN__DUPLICATE_METHOD_MATCH = YES;
				CODE_SIGN_IDENTITY = "-";
				COPY_PHASE_STRIP = NO;
				DEBUG_INFORMATION_FORMAT = dwarf;
				ENABLE_STRICT_OBJC_MSGSEND = YES;
				ENABLE_TESTABILITY = YES;
				GCC_C_LANGUAGE_STANDARD = gnu11;
				GCC_DYNAMIC_NO_PIC = NO;
				GCC_NO_COMMON_BLOCKS = YES;
				GCC_OPTIMIZATION_LEVEL = 0;
				GCC_PREPROCESSOR_DEFINITIONS = (
					"DEBUG=1",
					"$(inherited)",
				);
				GCC_WARN_64_TO_32_BIT_CONVERSION = YES;
				GCC_WARN_ABOUT_RETURN_TYPE = YES_ERROR;
				GCC_WARN_UNDECLARED_SELECTOR = YES;
				GCC_WARN_UNINITIALIZED_AUTOS = YES_AGGRESSIVE;
				GCC_WARN_UNUSED_FUNCTION = YES;
				GCC_WARN_UNUSED_VARIABLE = YES;
				MACOSX_DEPLOYMENT_TARGET = 10.13;
				MTL_ENABLE_DEBUG_INFO = YES;
				ONLY_ACTIVE_ARCH = YES;
				SDKROOT = macosx;
			};
			name = Debug;
		};
		422A562320915FF000AAA038 /* Release */ = {
			isa = XCBuildConfiguration;
			buildSettings = {
				ALWAYS_SEARCH_USER_PATHS = NO;
				CLANG_ANALYZER_NONNULL = YES;
				CLANG_ANALYZER_NUMBER_OBJECT_CONVERSION = YES_AGGRESSIVE;
				CLANG_CXX_LANGUAGE_STANDARD = "gnu++14";
				CLANG_CXX_LIBRARY = "libc++";
				CLANG_ENABLE_MODULES = YES;
				CLANG_ENABLE_OBJC_ARC = YES;
				CLANG_ENABLE_OBJC_WEAK = YES;
				CLANG_WARN_BLOCK_CAPTURE_AUTORELEASING = YES;
				CLANG_WARN_BOOL_CONVERSION = YES;
				CLANG_WARN_COMMA = YES;
				CLANG_WARN_CONSTANT_CONVERSION = YES;
				CLANG_WARN_DEPRECATED_OBJC_IMPLEMENTATIONS = YES;
				CLANG_WARN_DIRECT_OBJC_ISA_USAGE = YES_ERROR;
				CLANG_WARN_DOCUMENTATION_COMMENTS = YES;
				CLANG_WARN_EMPTY_BODY = YES;
				CLANG_WARN_ENUM_CONVERSION = YES;
				CLANG_WARN_INFINITE_RECURSION = YES;
				CLANG_WARN_INT_CONVERSION = YES;
				CLANG_WARN_NON_LITERAL_NULL_CONVERSION = YES;
				CLANG_WARN_OBJC_IMPLICIT_RETAIN_SELF = YES;
				CLANG_WARN_OBJC_LITERAL_CONVERSION = YES;
				CLANG_WARN_OBJC_ROOT_CLASS = YES_ERROR;
				CLANG_WARN_RANGE_LOOP_ANALYSIS = YES;
				CLANG_WARN_STRICT_PROTOTYPES = YES;
				CLANG_WARN_SUSPICIOUS_MOVE = YES;
				CLANG_WARN_UNGUARDED_AVAILABILITY = YES_AGGRESSIVE;
				CLANG_WARN_UNREACHABLE_CODE = YES;
				CLANG_WARN__DUPLICATE_METHOD_MATCH = YES;
				CODE_SIGN_IDENTITY = "-";
				COPY_PHASE_STRIP = NO;
				DEBUG_INFORMATION_FORMAT = "dwarf-with-dsym";
				ENABLE_NS_ASSERTIONS = NO;
				ENABLE_STRICT_OBJC_MSGSEND = YES;
				GCC_C_LANGUAGE_STANDARD = gnu11;
				GCC_NO_COMMON_BLOCKS = YES;
				GCC_WARN_64_TO_32_BIT_CONVERSION = YES;
				GCC_WARN_ABOUT_RETURN_TYPE = YES_ERROR;
				GCC_WARN_UNDECLARED_SELECTOR = YES;
				GCC_WARN_UNINITIALIZED_AUTOS = YES_AGGRESSIVE;
				GCC_WARN_UNUSED_FUNCTION = YES;
				GCC_WARN_UNUSED_VARIABLE = YES;
				MACOSX_DEPLOYMENT_TARGET = 10.13;
				MTL_ENABLE_DEBUG_INFO = NO;
				SDKROOT = macosx;
			};
			name = Release;
		};
		422A562520915FF000AAA038 /* Debug */ = {
			isa = XCBuildConfiguration;
			buildSettings = {
				CODE_SIGN_STYLE = Automatic;
				PRODUCT_NAME = "$(TARGET_NAME)";
			};
			name = Debug;
		};
		422A562620915FF000AAA038 /* Release */ = {
			isa = XCBuildConfiguration;
			buildSettings = {
				CODE_SIGN_STYLE = Automatic;
				PRODUCT_NAME = "$(TARGET_NAME)";
			};
			name = Release;
		};
		422A563920940D9400AAA038 /* Debug */ = {
			isa = XCBuildConfiguration;
			buildSettings = {
				CODE_SIGN_STYLE = Automatic;
				COMBINE_HIDPI_IMAGES = YES;
				INFOPLIST_FILE = JsonTesting/Info.plist;
				LD_RUNPATH_SEARCH_PATHS = (
					"$(inherited)",
					"@executable_path/../Frameworks",
					"@loader_path/../Frameworks",
				);
				PRODUCT_BUNDLE_IDENTIFIER = com.cc.JsonTesting;
				PRODUCT_NAME = "$(TARGET_NAME)";
			};
			name = Debug;
		};
		422A563A20940D9400AAA038 /* Release */ = {
			isa = XCBuildConfiguration;
			buildSettings = {
				CODE_SIGN_STYLE = Automatic;
				COMBINE_HIDPI_IMAGES = YES;
				INFOPLIST_FILE = JsonTesting/Info.plist;
				LD_RUNPATH_SEARCH_PATHS = (
					"$(inherited)",
					"@executable_path/../Frameworks",
					"@loader_path/../Frameworks",
				);
				PRODUCT_BUNDLE_IDENTIFIER = com.cc.JsonTesting;
				PRODUCT_NAME = "$(TARGET_NAME)";
			};
			name = Release;
		};
/* End XCBuildConfiguration section */

/* Begin XCConfigurationList section */
		422A561820915FF000AAA038 /* Build configuration list for PBXProject "JsonParse" */ = {
			isa = XCConfigurationList;
			buildConfigurations = (
				422A562220915FF000AAA038 /* Debug */,
				422A562320915FF000AAA038 /* Release */,
			);
			defaultConfigurationIsVisible = 0;
			defaultConfigurationName = Release;
		};
		422A562420915FF000AAA038 /* Build configuration list for PBXNativeTarget "JsonParse" */ = {
			isa = XCConfigurationList;
			buildConfigurations = (
				422A562520915FF000AAA038 /* Debug */,
				422A562620915FF000AAA038 /* Release */,
			);
			defaultConfigurationIsVisible = 0;
			defaultConfigurationName = Release;
		};
		422A563B20940D9400AAA038 /* Build configuration list for PBXNativeTarget "JsonTesting" */ = {
			isa = XCConfigurationList;
			buildConfigurations = (
				422A563920940D9400AAA038 /* Debug */,
				422A563A20940D9400AAA038 /* Release */,
			);
			defaultConfigurationIsVisible = 0;
			defaultConfigurationName = Release;
		};
/* End XCConfigurationList section */
	};
	rootObject = 422A561520915FF000AAA038 /* Project object */;
}
